
Microsoft Visual Studio Solution File, Format Version 12.00
# Visual Studio Version 17
VisualStudioVersion = 17.11.35312.102
MinimumVisualStudioVersion = 10.0.40219.1
Project("{FAE04EC0-301F-11D3-BF4B-00C04F79EFBC}") = "Tecnica-FicticiaSA", "Tecnica-FicticiaSA.csproj", "{3A45950A-1E04-4845-B3BF-71E24B8E478A}"
EndProject
Global
	GlobalSection(SolutionConfigurationPlatforms) = preSolution
		Debug|Any CPU = Debug|Any CPU
		Release|Any CPU = Release|Any CPU
	EndGlobalSection
	GlobalSection(ProjectConfigurationPlatforms) = postSolution
		{3A45950A-1E04-4845-B3BF-71E24B8E478A}.Debug|Any CPU.ActiveCfg = Debug|Any CPU
		{3A45950A-1E04-4845-B3BF-71E24B8E478A}.Debug|Any CPU.Build.0 = Debug|Any CPU
		{3A45950A-1E04-4845-B3BF-71E24B8E478A}.Release|Any CPU.ActiveCfg = Release|Any CPU
		{3A45950A-1E04-4845-B3BF-71E24B8E478A}.Release|Any CPU.Build.0 = Release|Any CPU
	EndGlobalSection
	GlobalSection(SolutionProperties) = preSolution
		HideSolutionNode = FALSE
	EndGlobalSection
	GlobalSection(ExtensibilityGlobals) = postSolution
		SolutionGuid = {570CEC41-ED22-4DB9-9D78-1C85092A727D}
	EndGlobalSection
EndGlobal
